
Microsoft Visual Studio Solution File, Format Version 12.00
# Visual Studio 15
VisualStudioVersion = 15.0.28307.572
MinimumVisualStudioVersion = 10.0.40219.1
Project("{FAE04EC0-301F-11D3-BF4B-00C04F79EFBC}") = "Lenovo-Autokeyboard-Backlight", "Lenovo-Autokeyboard-Backlight\Lenovo-Autokeyboard-Backlight.csproj", "{B4853F84-C46E-46C4-B8B3-8096F2D9EAFB}"
EndProject
Global
	GlobalSection(SolutionConfigurationPlatforms) = preSolution
		Debug|Any CPU = Debug|Any CPU
		Release|Any CPU = Release|Any CPU
	EndGlobalSection
	GlobalSection(ProjectConfigurationPlatforms) = postSolution
		{B4853F84-C46E-46C4-B8B3-8096F2D9EAFB}.Debug|Any CPU.ActiveCfg = Debug|Any CPU
		{B4853F84-C46E-46C4-B8B3-8096F2D9EAFB}.Debug|Any CPU.Build.0 = Debug|Any CPU
		{B4853F84-C46E-46C4-B8B3-8096F2D9EAFB}.Release|Any CPU.ActiveCfg = Release|Any CPU
		{B4853F84-C46E-46C4-B8B3-8096F2D9EAFB}.Release|Any CPU.Build.0 = Release|Any CPU
	EndGlobalSection
	GlobalSection(SolutionProperties) = preSolution
		HideSolutionNode = FALSE
	EndGlobalSection
	GlobalSection(ExtensibilityGlobals) = postSolution
		SolutionGuid = {507D991E-12EE-475D-9703-4EBF1CBA884F}
	EndGlobalSection
EndGlobal
